{
  "name": "get-subnets",
  "version": "1.0.0",
  "lockfileVersion": 3,
  "requires": true,
  "packages": {
    "": {
      "name": "get-subnets",
      "version": "1.0.0",
      "license": "ISC",
      "dependencies": {
        "cli-spinners": "^2.9.2"
      },
      "devDependencies": {
        "@types/node": "^16.11.15",
        "typescript": "^4.5.5"
      }
    },
    "node_modules/@types/node": {
      "version": "16.18.80",
      "resolved": "https://registry.npmjs.org/@types/node/-/node-16.18.80.tgz",
      "integrity": "sha512-vFxJ1Iyl7A0+xB0uW1r1v504yItKZLdqg/VZELUZ4H02U0bXAgBisSQ8Erf0DMruNFz9ggoiEv6T8Ll9bTg8Jw==",
      "dev": true
    },
    "node_modules/cli-spinners": {
      "version": "2.9.2",
      "resolved": "https://registry.npmjs.org/cli-spinners/-/cli-spinners-2.9.2.tgz",
      "integrity": "sha512-ywqV+5MmyL4E7ybXgKys4DugZbX0FC6LnwrhjuykIjnK9k8OQacQ7axGKnjDXWNhns0xot3bZI5h55H8yo9cJg==",
      "engines": {
        "node": ">=6"
      },
      "funding": {
        "url": "https://github.com/sponsors/sindresorhus"
      }
    },
    "node_modules/typescript": {
      "version": "4.9.5",
      "resolved": "https://registry.npmjs.org/typescript/-/typescript-4.9.5.tgz",
      "integrity": "sha512-1FXk9E2Hm+QzZQ7z+McJiHL4NW1F2EzMu9Nq9i3zAaGqibafqYwCVU6WyWAuyQRRzOlxou8xZSyXLEN8oKj24g==",
      "dev": true,
      "bin": {
        "tsc": "bin/tsc",
        "tsserver": "bin/tsserver"
      },
      "engines": {
        "node": ">=4.2.0"
      }
    }
  }
}
